
Microsoft Visual Studio Solution File, Format Version 12.00
# Visual Studio Version 16
VisualStudioVersion = 16.0.29806.167
MinimumVisualStudioVersion = 10.0.40219.1
Project("{9A19103F-16F7-4668-BE54-9A1E7A4F7556}") = "Locadora.App", "Locadora.App\Locadora.App.csproj", "{C4559CA7-800C-444B-8CCF-2F2F2B988544}"
EndProject
Project("{9A19103F-16F7-4668-BE54-9A1E7A4F7556}") = "Locadore.Infra", "Locadore.Infra\Locadore.Infra.csproj", "{6519F1F5-1509-4A97-AB86-EE704C1FB350}"
EndProject
Project("{9A19103F-16F7-4668-BE54-9A1E7A4F7556}") = "Locadora.Domain", "Locadora.Domain\Locadora.Domain.csproj", "{EFFEC02E-DC40-48C5-8F56-667ADF9F984F}"
EndProject
Project("{9A19103F-16F7-4668-BE54-9A1E7A4F7556}") = "Locadora.Test", "Locadora.Test\Locadora.Test.csproj", "{4EF1910C-95D4-4231-96E0-29763773A1A2}"
EndProject
Project("{FAE04EC0-301F-11D3-BF4B-00C04F79EFBC}") = "Locadora.WebAPI", "Locadora.WebAPI\Locadora.WebAPI.csproj", "{D0C06445-B3EF-4429-9B78-7B11A29C9FAE}"
EndProject
Global
	GlobalSection(SolutionConfigurationPlatforms) = preSolution
		Debug|Any CPU = Debug|Any CPU
		Release|Any CPU = Release|Any CPU
	EndGlobalSection
	GlobalSection(ProjectConfigurationPlatforms) = postSolution
		{C4559CA7-800C-444B-8CCF-2F2F2B988544}.Debug|Any CPU.ActiveCfg = Debug|Any CPU
		{C4559CA7-800C-444B-8CCF-2F2F2B988544}.Debug|Any CPU.Build.0 = Debug|Any CPU
		{C4559CA7-800C-444B-8CCF-2F2F2B988544}.Release|Any CPU.ActiveCfg = Release|Any CPU
		{C4559CA7-800C-444B-8CCF-2F2F2B988544}.Release|Any CPU.Build.0 = Release|Any CPU
		{6519F1F5-1509-4A97-AB86-EE704C1FB350}.Debug|Any CPU.ActiveCfg = Debug|Any CPU
		{6519F1F5-1509-4A97-AB86-EE704C1FB350}.Debug|Any CPU.Build.0 = Debug|Any CPU
		{6519F1F5-1509-4A97-AB86-EE704C1FB350}.Release|Any CPU.ActiveCfg = Release|Any CPU
		{6519F1F5-1509-4A97-AB86-EE704C1FB350}.Release|Any CPU.Build.0 = Release|Any CPU
		{EFFEC02E-DC40-48C5-8F56-667ADF9F984F}.Debug|Any CPU.ActiveCfg = Debug|Any CPU
		{EFFEC02E-DC40-48C5-8F56-667ADF9F984F}.Debug|Any CPU.Build.0 = Debug|Any CPU
		{EFFEC02E-DC40-48C5-8F56-667ADF9F984F}.Release|Any CPU.ActiveCfg = Release|Any CPU
		{EFFEC02E-DC40-48C5-8F56-667ADF9F984F}.Release|Any CPU.Build.0 = Release|Any CPU
		{4EF1910C-95D4-4231-96E0-29763773A1A2}.Debug|Any CPU.ActiveCfg = Debug|Any CPU
		{4EF1910C-95D4-4231-96E0-29763773A1A2}.Debug|Any CPU.Build.0 = Debug|Any CPU
		{4EF1910C-95D4-4231-96E0-29763773A1A2}.Release|Any CPU.ActiveCfg = Release|Any CPU
		{4EF1910C-95D4-4231-96E0-29763773A1A2}.Release|Any CPU.Build.0 = Release|Any CPU
		{D0C06445-B3EF-4429-9B78-7B11A29C9FAE}.Debug|Any CPU.ActiveCfg = Debug|Any CPU
		{D0C06445-B3EF-4429-9B78-7B11A29C9FAE}.Debug|Any CPU.Build.0 = Debug|Any CPU
		{D0C06445-B3EF-4429-9B78-7B11A29C9FAE}.Release|Any CPU.ActiveCfg = Release|Any CPU
		{D0C06445-B3EF-4429-9B78-7B11A29C9FAE}.Release|Any CPU.Build.0 = Release|Any CPU
	EndGlobalSection
	GlobalSection(SolutionProperties) = preSolution
		HideSolutionNode = FALSE
	EndGlobalSection
	GlobalSection(ExtensibilityGlobals) = postSolution
		SolutionGuid = {3980F78D-6954-44F5-8402-AAEAA07070B4}
	EndGlobalSection
EndGlobal
